
Microsoft Visual Studio Solution File, Format Version 12.00
# Visual Studio 2012
Project("{FAE04EC0-301F-11D3-BF4B-00C04F79EFBC}") = "Generic Function", "Generic Function.csproj", "{947C282C-2503-477F-B634-FFDE8C8D718A}"
EndProject
Project("{FAE04EC0-301F-11D3-BF4B-00C04F79EFBC}") = "WindowsFormsApplication1", "..\WindowsFormsApplication1\WindowsFormsApplication1.csproj", "{76331308-46AC-409A-890C-9625DA96637E}"
EndProject
Global
	GlobalSection(SolutionConfigurationPlatforms) = preSolution
		Debug|Any CPU = Debug|Any CPU
		Release|Any CPU = Release|Any CPU
	EndGlobalSection
	GlobalSection(ProjectConfigurationPlatforms) = postSolution
		{947C282C-2503-477F-B634-FFDE8C8D718A}.Debug|Any CPU.ActiveCfg = Debug|Any CPU
		{947C282C-2503-477F-B634-FFDE8C8D718A}.Debug|Any CPU.Build.0 = Debug|Any CPU
		{947C282C-2503-477F-B634-FFDE8C8D718A}.Release|Any CPU.ActiveCfg = Release|Any CPU
		{947C282C-2503-477F-B634-FFDE8C8D718A}.Release|Any CPU.Build.0 = Release|Any CPU
		{76331308-46AC-409A-890C-9625DA96637E}.Debug|Any CPU.ActiveCfg = Debug|Any CPU
		{76331308-46AC-409A-890C-9625DA96637E}.Debug|Any CPU.Build.0 = Debug|Any CPU
		{76331308-46AC-409A-890C-9625DA96637E}.Release|Any CPU.ActiveCfg = Release|Any CPU
		{76331308-46AC-409A-890C-9625DA96637E}.Release|Any CPU.Build.0 = Release|Any CPU
	EndGlobalSection
	GlobalSection(SolutionProperties) = preSolution
		HideSolutionNode = FALSE
	EndGlobalSection
EndGlobal
